
Microsoft Visual Studio Solution File, Format Version 12.00
# Visual Studio Version 17
VisualStudioVersion = 17.3.32922.545
MinimumVisualStudioVersion = 10.0.40219.1
Project("{FAE04EC0-301F-11D3-BF4B-00C04F79EFBC}") = "OpenPubli", "OpenPubli\OpenPubli.csproj", "{A757DCAC-2704-41F3-92E1-0602D256E41D}"
EndProject
Project("{FAE04EC0-301F-11D3-BF4B-00C04F79EFBC}") = "OpenPubli.Test", "OpenPubli.Test\OpenPubli.Test.csproj", "{76DBE268-E185-4942-AA1A-6B4F0B17D373}"
EndProject
Global
	GlobalSection(SolutionConfigurationPlatforms) = preSolution
		Debug|Any CPU = Debug|Any CPU
		Release|Any CPU = Release|Any CPU
	EndGlobalSection
	GlobalSection(ProjectConfigurationPlatforms) = postSolution
		{A757DCAC-2704-41F3-92E1-0602D256E41D}.Debug|Any CPU.ActiveCfg = Debug|Any CPU
		{A757DCAC-2704-41F3-92E1-0602D256E41D}.Debug|Any CPU.Build.0 = Debug|Any CPU
		{A757DCAC-2704-41F3-92E1-0602D256E41D}.Release|Any CPU.ActiveCfg = Release|Any CPU
		{A757DCAC-2704-41F3-92E1-0602D256E41D}.Release|Any CPU.Build.0 = Release|Any CPU
		{76DBE268-E185-4942-AA1A-6B4F0B17D373}.Debug|Any CPU.ActiveCfg = Debug|Any CPU
		{76DBE268-E185-4942-AA1A-6B4F0B17D373}.Debug|Any CPU.Build.0 = Debug|Any CPU
		{76DBE268-E185-4942-AA1A-6B4F0B17D373}.Release|Any CPU.ActiveCfg = Release|Any CPU
		{76DBE268-E185-4942-AA1A-6B4F0B17D373}.Release|Any CPU.Build.0 = Release|Any CPU
	EndGlobalSection
	GlobalSection(SolutionProperties) = preSolution
		HideSolutionNode = FALSE
	EndGlobalSection
	GlobalSection(ExtensibilityGlobals) = postSolution
		SolutionGuid = {6C01815B-5382-4989-8EB9-D2BA61D99825}
	EndGlobalSection
EndGlobal
